[[package]]
name = "bitflags"
version = "0.9.1"
source = "registry+https://github.com/rust-lang/crates.io-index"

[[package]]
name = "ctru-rs"
version = "0.6.0"
source = "git+https://github.com/rust3ds/ctru-rs#681dfb425e3b2bb26224047aaacf6356d31fe6c4"
dependencies = [
 "bitflags 0.9.1 (registry+https://github.com/rust-lang/crates.io-index)",
 "ctru-sys 0.4.0 (git+https://github.com/rust3ds/ctru-rs)",
 "widestring 0.2.2 (registry+https://github.com/rust-lang/crates.io-index)",
]

[[package]]
name = "ctru-sys"
version = "0.4.0"
source = "git+https://github.com/rust3ds/ctru-rs#681dfb425e3b2bb26224047aaacf6356d31fe6c4"
dependencies = [
 "libc 0.2.34 (registry+https://github.com/rust-lang/crates.io-index)",
]

[[package]]
name = "libc"
version = "0.2.34"
source = "registry+https://github.com/rust-lang/crates.io-index"

[[package]]
name = "rust3ds-template"
version = "0.1.0"
dependencies = [
 "ctru-rs 0.6.0 (git+https://github.com/rust3ds/ctru-rs)",
]

[[package]]
name = "widestring"
version = "0.2.2"
source = "registry+https://github.com/rust-lang/crates.io-index"

[metadata]
"checksum bitflags 0.9.1 (registry+https://github.com/rust-lang/crates.io-index)" = "4efd02e230a02e18f92fc2735f44597385ed02ad8f831e7c1c1156ee5e1ab3a5"
"checksum ctru-rs 0.6.0 (git+https://github.com/rust3ds/ctru-rs)" = "<none>"
"checksum ctru-sys 0.4.0 (git+https://github.com/rust3ds/ctru-rs)" = "<none>"
"checksum libc 0.2.34 (registry+https://github.com/rust-lang/crates.io-index)" = "36fbc8a8929c632868295d0178dd8f63fc423fd7537ad0738372bd010b3ac9b0"
"checksum widestring 0.2.2 (registry+https://github.com/rust-lang/crates.io-index)" = "7157704c2e12e3d2189c507b7482c52820a16dfa4465ba91add92f266667cadb"
