[root]
name = "rust3ds-template"
version = "0.1.0"
dependencies = [
 "ctru-rs 0.5.0 (git+https://github.com/fenrirwolf/ctru-rs?branch=std)",
]

[[package]]
name = "bitflags"
version = "0.7.0"
source = "registry+https://github.com/rust-lang/crates.io-index"

[[package]]
name = "ctr-libc"
version = "0.1.0"
source = "git+https://github.com/fenrirwolf/ctru-rs?branch=std#ab1a10517498d86474f7e2385160cb25c0add531"

[[package]]
name = "ctru-rs"
version = "0.5.0"
source = "git+https://github.com/fenrirwolf/ctru-rs?branch=std#ab1a10517498d86474f7e2385160cb25c0add531"
dependencies = [
 "bitflags 0.7.0 (registry+https://github.com/rust-lang/crates.io-index)",
 "ctru-sys 0.3.0 (git+https://github.com/fenrirwolf/ctru-rs?branch=std)",
 "widestring 0.2.2 (registry+https://github.com/rust-lang/crates.io-index)",
]

[[package]]
name = "ctru-sys"
version = "0.3.0"
source = "git+https://github.com/fenrirwolf/ctru-rs?branch=std#ab1a10517498d86474f7e2385160cb25c0add531"
dependencies = [
 "ctr-libc 0.1.0 (git+https://github.com/fenrirwolf/ctru-rs?branch=std)",
]

[[package]]
name = "widestring"
version = "0.2.2"
source = "registry+https://github.com/rust-lang/crates.io-index"

[metadata]
"checksum bitflags 0.7.0 (registry+https://github.com/rust-lang/crates.io-index)" = "aad18937a628ec6abcd26d1489012cc0e18c21798210f491af69ded9b881106d"
"checksum ctr-libc 0.1.0 (git+https://github.com/fenrirwolf/ctru-rs?branch=std)" = "<none>"
"checksum ctru-rs 0.5.0 (git+https://github.com/fenrirwolf/ctru-rs?branch=std)" = "<none>"
"checksum ctru-sys 0.3.0 (git+https://github.com/fenrirwolf/ctru-rs?branch=std)" = "<none>"
"checksum widestring 0.2.2 (registry+https://github.com/rust-lang/crates.io-index)" = "7157704c2e12e3d2189c507b7482c52820a16dfa4465ba91add92f266667cadb"
